{
  "name": "Weather",
  "lockfileVersion": 2,
  "requires": true,
  "packages": {
    "": {
      "dependencies": {
        "cities.json": "^1.1.17"
      }
    },
    "node_modules/cities.json": {
      "version": "1.1.17",
      "resolved": "https://registry.npmjs.org/cities.json/-/cities.json-1.1.17.tgz",
      "integrity": "sha512-SL2Q0XqtYiJGBsQBmbdlP/9teZM05CqdPV+bMoq+ufVBCyAn/IwgdJ1PBHQRNEemc8ocDK4KnrYf2rDH6jqp+w=="
    }
  },
  "dependencies": {
    "cities.json": {
      "version": "1.1.17",
      "resolved": "https://registry.npmjs.org/cities.json/-/cities.json-1.1.17.tgz",
      "integrity": "sha512-SL2Q0XqtYiJGBsQBmbdlP/9teZM05CqdPV+bMoq+ufVBCyAn/IwgdJ1PBHQRNEemc8ocDK4KnrYf2rDH6jqp+w=="
    }
  }
}
